// !$*UTF8*$!
{
	archiveVersion = 1;
	classes = {
	};
	objectVersion = 50;
	objects = {

/* Begin PBXBuildFile section */
		AD11B36021A72760004D352C /* controls.swift in Sources */ = {isa = PBXBuildFile; fileRef = AD11B35F21A72760004D352C /* controls.swift */; };
		AD11B36421A73260004D352C /* TagCellCollectionView.swift in Sources */ = {isa = PBXBuildFile; fileRef = AD11B36321A73260004D352C /* TagCellCollectionView.swift */; };
		AD1DFE5521A649BD008C0AFF /* FileManager.swift in Sources */ = {isa = PBXBuildFile; fileRef = AD1DFE5421A649BD008C0AFF /* FileManager.swift */; };
		AD37511A219DE7F7005A577E /* AppDelegate.swift in Sources */ = {isa = PBXBuildFile; fileRef = AD375119219DE7F7005A577E /* AppDelegate.swift */; };
		AD37511C219DE7F7005A577E /* ViewController.swift in Sources */ = {isa = PBXBuildFile; fileRef = AD37511B219DE7F7005A577E /* ViewController.swift */; };
		AD37511F219DE7F7005A577E /* Main.storyboard in Resources */ = {isa = PBXBuildFile; fileRef = AD37511D219DE7F7005A577E /* Main.storyboard */; };
		AD375121219DE7F9005A577E /* Assets.xcassets in Resources */ = {isa = PBXBuildFile; fileRef = AD375120219DE7F9005A577E /* Assets.xcassets */; };
		AD375124219DE7F9005A577E /* LaunchScreen.storyboard in Resources */ = {isa = PBXBuildFile; fileRef = AD375122219DE7F9005A577E /* LaunchScreen.storyboard */; };
		AD38824421A092F6008E59EC /* AssetViewController.swift in Sources */ = {isa = PBXBuildFile; fileRef = AD38824321A092F6008E59EC /* AssetViewController.swift */; };
		AD4E7A1B21A5D1DA0031EB5C /* ImageStruct.swift in Sources */ = {isa = PBXBuildFile; fileRef = AD4E7A1A21A5D1DA0031EB5C /* ImageStruct.swift */; };
		AD641C3B219F41AC00DF8CFE /* PhotoCell.swift in Sources */ = {isa = PBXBuildFile; fileRef = AD641C3A219F41AC00DF8CFE /* PhotoCell.swift */; };
/* End PBXBuildFile section */

/* Begin PBXFileReference section */
		AD11B35F21A72760004D352C /* controls.swift */ = {isa = PBXFileReference; lastKnownFileType = sourcecode.swift; path = controls.swift; sourceTree = "<group>"; };
		AD11B36321A73260004D352C /* TagCellCollectionView.swift */ = {isa = PBXFileReference; lastKnownFileType = sourcecode.swift; path = TagCellCollectionView.swift; sourceTree = "<group>"; };
		AD1DFE5421A649BD008C0AFF /* FileManager.swift */ = {isa = PBXFileReference; lastKnownFileType = sourcecode.swift; path = FileManager.swift; sourceTree = "<group>"; };
		AD375116219DE7F7005A577E /* Eidetic.app */ = {isa = PBXFileReference; explicitFileType = wrapper.application; includeInIndex = 0; path = Eidetic.app; sourceTree = BUILT_PRODUCTS_DIR; };
		AD375119219DE7F7005A577E /* AppDelegate.swift */ = {isa = PBXFileReference; lastKnownFileType = sourcecode.swift; path = AppDelegate.swift; sourceTree = "<group>"; };
		AD37511B219DE7F7005A577E /* ViewController.swift */ = {isa = PBXFileReference; lastKnownFileType = sourcecode.swift; path = ViewController.swift; sourceTree = "<group>"; };
		AD37511E219DE7F7005A577E /* Base */ = {isa = PBXFileReference; lastKnownFileType = file.storyboard; name = Base; path = Base.lproj/Main.storyboard; sourceTree = "<group>"; };
		AD375120219DE7F9005A577E /* Assets.xcassets */ = {isa = PBXFileReference; lastKnownFileType = folder.assetcatalog; path = Assets.xcassets; sourceTree = "<group>"; };
		AD375123219DE7F9005A577E /* Base */ = {isa = PBXFileReference; lastKnownFileType = file.storyboard; name = Base; path = Base.lproj/LaunchScreen.storyboard; sourceTree = "<group>"; };
		AD375125219DE7F9005A577E /* Info.plist */ = {isa = PBXFileReference; lastKnownFileType = text.plist.xml; path = Info.plist; sourceTree = "<group>"; };
		AD38824321A092F6008E59EC /* AssetViewController.swift */ = {isa = PBXFileReference; lastKnownFileType = sourcecode.swift; path = AssetViewController.swift; sourceTree = "<group>"; };
		AD4E7A1A21A5D1DA0031EB5C /* ImageStruct.swift */ = {isa = PBXFileReference; lastKnownFileType = sourcecode.swift; path = ImageStruct.swift; sourceTree = "<group>"; };
		AD641C3A219F41AC00DF8CFE /* PhotoCell.swift */ = {isa = PBXFileReference; lastKnownFileType = sourcecode.swift; path = PhotoCell.swift; sourceTree = "<group>"; };
/* End PBXFileReference section */

/* Begin PBXFrameworksBuildPhase section */
		AD375113219DE7F7005A577E /* Frameworks */ = {
			isa = PBXFrameworksBuildPhase;
			buildActionMask = 2147483647;
			files = (
			);
			runOnlyForDeploymentPostprocessing = 0;
		};
/* End PBXFrameworksBuildPhase section */

/* Begin PBXGroup section */
		AD11B35E21A7273E004D352C /* extensions */ = {
			isa = PBXGroup;
			children = (
				AD1DFE5421A649BD008C0AFF /* FileManager.swift */,
				AD11B35F21A72760004D352C /* controls.swift */,
			);
			path = extensions;
			sourceTree = "<group>";
		};
		AD11B36121A72DF8004D352C /* models */ = {
			isa = PBXGroup;
			children = (
				AD641C3A219F41AC00DF8CFE /* PhotoCell.swift */,
				AD4E7A1A21A5D1DA0031EB5C /* ImageStruct.swift */,
				AD11B36321A73260004D352C /* TagCellCollectionView.swift */,
			);
			path = models;
			sourceTree = "<group>";
		};
		AD11B36221A72E67004D352C /* viewControllers */ = {
			isa = PBXGroup;
			children = (
				AD37511B219DE7F7005A577E /* ViewController.swift */,
				AD38824321A092F6008E59EC /* AssetViewController.swift */,
			);
			path = viewControllers;
			sourceTree = "<group>";
		};
		AD37510D219DE7F7005A577E = {
			isa = PBXGroup;
			children = (
				AD375118219DE7F7005A577E /* Eidetic */,
				AD375117219DE7F7005A577E /* Products */,
			);
			sourceTree = "<group>";
		};
		AD375117219DE7F7005A577E /* Products */ = {
			isa = PBXGroup;
			children = (
				AD375116219DE7F7005A577E /* Eidetic.app */,
			);
			name = Products;
			sourceTree = "<group>";
		};
		AD375118219DE7F7005A577E /* Eidetic */ = {
			isa = PBXGroup;
			children = (
				AD11B36221A72E67004D352C /* viewControllers */,
				AD11B36121A72DF8004D352C /* models */,
				AD11B35E21A7273E004D352C /* extensions */,
				AD375119219DE7F7005A577E /* AppDelegate.swift */,
				AD37511D219DE7F7005A577E /* Main.storyboard */,
				AD375120219DE7F9005A577E /* Assets.xcassets */,
				AD375122219DE7F9005A577E /* LaunchScreen.storyboard */,
				AD375125219DE7F9005A577E /* Info.plist */,
			);
			path = Eidetic;
			sourceTree = "<group>";
		};
/* End PBXGroup section */

/* Begin PBXNativeTarget section */
		AD375115219DE7F7005A577E /* Eidetic */ = {
			isa = PBXNativeTarget;
			buildConfigurationList = AD375128219DE7F9005A577E /* Build configuration list for PBXNativeTarget "Eidetic" */;
			buildPhases = (
				AD375112219DE7F7005A577E /* Sources */,
				AD375113219DE7F7005A577E /* Frameworks */,
				AD375114219DE7F7005A577E /* Resources */,
			);
			buildRules = (
			);
			dependencies = (
			);
			name = Eidetic;
			productName = Eidetic;
			productReference = AD375116219DE7F7005A577E /* Eidetic.app */;
			productType = "com.apple.product-type.application";
		};
/* End PBXNativeTarget section */

/* Begin PBXProject section */
		AD37510E219DE7F7005A577E /* Project object */ = {
			isa = PBXProject;
			attributes = {
				LastSwiftUpdateCheck = 1010;
				LastUpgradeCheck = 1010;
				ORGANIZATIONNAME = user145467;
				TargetAttributes = {
					AD375115219DE7F7005A577E = {
						CreatedOnToolsVersion = 10.1;
					};
				};
			};
			buildConfigurationList = AD375111219DE7F7005A577E /* Build configuration list for PBXProject "Eidetic" */;
			compatibilityVersion = "Xcode 9.3";
			developmentRegion = en;
			hasScannedForEncodings = 0;
			knownRegions = (
				en,
				Base,
			);
			mainGroup = AD37510D219DE7F7005A577E;
			productRefGroup = AD375117219DE7F7005A577E /* Products */;
			projectDirPath = "";
			projectRoot = "";
			targets = (
				AD375115219DE7F7005A577E /* Eidetic */,
			);
		};
/* End PBXProject section */

/* Begin PBXResourcesBuildPhase section */
		AD375114219DE7F7005A577E /* Resources */ = {
			isa = PBXResourcesBuildPhase;
			buildActionMask = 2147483647;
			files = (
				AD375124219DE7F9005A577E /* LaunchScreen.storyboard in Resources */,
				AD375121219DE7F9005A577E /* Assets.xcassets in Resources */,
				AD37511F219DE7F7005A577E /* Main.storyboard in Resources */,
			);
			runOnlyForDeploymentPostprocessing = 0;
		};
/* End PBXResourcesBuildPhase section */

/* Begin PBXSourcesBuildPhase section */
		AD375112219DE7F7005A577E /* Sources */ = {
			isa = PBXSourcesBuildPhase;
			buildActionMask = 2147483647;
			files = (
				AD4E7A1B21A5D1DA0031EB5C /* ImageStruct.swift in Sources */,
				AD37511C219DE7F7005A577E /* ViewController.swift in Sources */,
				AD641C3B219F41AC00DF8CFE /* PhotoCell.swift in Sources */,
				AD1DFE5521A649BD008C0AFF /* FileManager.swift in Sources */,
				AD11B36421A73260004D352C /* TagCellCollectionView.swift in Sources */,
				AD11B36021A72760004D352C /* controls.swift in Sources */,
				AD37511A219DE7F7005A577E /* AppDelegate.swift in Sources */,
				AD38824421A092F6008E59EC /* AssetViewController.swift in Sources */,
			);
			runOnlyForDeploymentPostprocessing = 0;
		};
/* End PBXSourcesBuildPhase section */

/* Begin PBXVariantGroup section */
		AD37511D219DE7F7005A577E /* Main.storyboard */ = {
			isa = PBXVariantGroup;
			children = (
				AD37511E219DE7F7005A577E /* Base */,
			);
			name = Main.storyboard;
			sourceTree = "<group>";
		};
		AD375122219DE7F9005A577E /* LaunchScreen.storyboard */ = {
			isa = PBXVariantGroup;
			children = (
				AD375123219DE7F9005A577E /* Base */,
			);
			name = LaunchScreen.storyboard;
			sourceTree = "<group>";
		};
/* End PBXVariantGroup section */

/* Begin XCBuildConfiguration section */
		AD375126219DE7F9005A577E /* Debug */ = {
			isa = XCBuildConfiguration;
			buildSettings = {
				ALWAYS_SEARCH_USER_PATHS = NO;
				CLANG_ANALYZER_NONNULL = YES;
				CLANG_ANALYZER_NUMBER_OBJECT_CONVERSION = YES_AGGRESSIVE;
				CLANG_CXX_LANGUAGE_STANDARD = "gnu++14";
				CLANG_CXX_LIBRARY = "libc++";
				CLANG_ENABLE_MODULES = YES;
				CLANG_ENABLE_OBJC_ARC = YES;
				CLANG_ENABLE_OBJC_WEAK = YES;
				CLANG_WARN_BLOCK_CAPTURE_AUTORELEASING = YES;
				CLANG_WARN_BOOL_CONVERSION = YES;
				CLANG_WARN_COMMA = YES;
				CLANG_WARN_CONSTANT_CONVERSION = YES;
				CLANG_WARN_DEPRECATED_OBJC_IMPLEMENTATIONS = YES;
				CLANG_WARN_DIRECT_OBJC_ISA_USAGE = YES_ERROR;
				CLANG_WARN_DOCUMENTATION_COMMENTS = YES;
				CLANG_WARN_EMPTY_BODY = YES;
				CLANG_WARN_ENUM_CONVERSION = YES;
				CLANG_WARN_INFINITE_RECURSION = YES;
				CLANG_WARN_INT_CONVERSION = YES;
				CLANG_WARN_NON_LITERAL_NULL_CONVERSION = YES;
				CLANG_WARN_OBJC_IMPLICIT_RETAIN_SELF = YES;
				CLANG_WARN_OBJC_LITERAL_CONVERSION = YES;
				CLANG_WARN_OBJC_ROOT_CLASS = YES_ERROR;
				CLANG_WARN_RANGE_LOOP_ANALYSIS = YES;
				CLANG_WARN_STRICT_PROTOTYPES = YES;
				CLANG_WARN_SUSPICIOUS_MOVE = YES;
				CLANG_WARN_UNGUARDED_AVAILABILITY = YES_AGGRESSIVE;
				CLANG_WARN_UNREACHABLE_CODE = YES;
				CLANG_WARN__DUPLICATE_METHOD_MATCH = YES;
				CODE_SIGN_IDENTITY = "iPhone Developer";
				COPY_PHASE_STRIP = NO;
				DEBUG_INFORMATION_FORMAT = dwarf;
				ENABLE_STRICT_OBJC_MSGSEND = YES;
				ENABLE_TESTABILITY = YES;
				GCC_C_LANGUAGE_STANDARD = gnu11;
				GCC_DYNAMIC_NO_PIC = NO;
				GCC_NO_COMMON_BLOCKS = YES;
				GCC_OPTIMIZATION_LEVEL = 0;
				GCC_PREPROCESSOR_DEFINITIONS = (
					"DEBUG=1",
					"$(inherited)",
				);
				GCC_WARN_64_TO_32_BIT_CONVERSION = YES;
				GCC_WARN_ABOUT_RETURN_TYPE = YES_ERROR;
				GCC_WARN_UNDECLARED_SELECTOR = YES;
				GCC_WARN_UNINITIALIZED_AUTOS = YES_AGGRESSIVE;
				GCC_WARN_UNUSED_FUNCTION = YES;
				GCC_WARN_UNUSED_VARIABLE = YES;
				IPHONEOS_DEPLOYMENT_TARGET = 12.1;
				MTL_ENABLE_DEBUG_INFO = INCLUDE_SOURCE;
				MTL_FAST_MATH = YES;
				ONLY_ACTIVE_ARCH = YES;
				SDKROOT = iphoneos;
				SWIFT_ACTIVE_COMPILATION_CONDITIONS = DEBUG;
				SWIFT_OPTIMIZATION_LEVEL = "-Onone";
			};
			name = Debug;
		};
		AD375127219DE7F9005A577E /* Release */ = {
			isa = XCBuildConfiguration;
			buildSettings = {
				ALWAYS_SEARCH_USER_PATHS = NO;
				CLANG_ANALYZER_NONNULL = YES;
				CLANG_ANALYZER_NUMBER_OBJECT_CONVERSION = YES_AGGRESSIVE;
				CLANG_CXX_LANGUAGE_STANDARD = "gnu++14";
				CLANG_CXX_LIBRARY = "libc++";
				CLANG_ENABLE_MODULES = YES;
				CLANG_ENABLE_OBJC_ARC = YES;
				CLANG_ENABLE_OBJC_WEAK = YES;
				CLANG_WARN_BLOCK_CAPTURE_AUTORELEASING = YES;
				CLANG_WARN_BOOL_CONVERSION = YES;
				CLANG_WARN_COMMA = YES;
				CLANG_WARN_CONSTANT_CONVERSION = YES;
				CLANG_WARN_DEPRECATED_OBJC_IMPLEMENTATIONS = YES;
				CLANG_WARN_DIRECT_OBJC_ISA_USAGE = YES_ERROR;
				CLANG_WARN_DOCUMENTATION_COMMENTS = YES;
				CLANG_WARN_EMPTY_BODY = YES;
				CLANG_WARN_ENUM_CONVERSION = YES;
				CLANG_WARN_INFINITE_RECURSION = YES;
				CLANG_WARN_INT_CONVERSION = YES;
				CLANG_WARN_NON_LITERAL_NULL_CONVERSION = YES;
				CLANG_WARN_OBJC_IMPLICIT_RETAIN_SELF = YES;
				CLANG_WARN_OBJC_LITERAL_CONVERSION = YES;
				CLANG_WARN_OBJC_ROOT_CLASS = YES_ERROR;
				CLANG_WARN_RANGE_LOOP_ANALYSIS = YES;
				CLANG_WARN_STRICT_PROTOTYPES = YES;
				CLANG_WARN_SUSPICIOUS_MOVE = YES;
				CLANG_WARN_UNGUARDED_AVAILABILITY = YES_AGGRESSIVE;
				CLANG_WARN_UNREACHABLE_CODE = YES;
				CLANG_WARN__DUPLICATE_METHOD_MATCH = YES;
				CODE_SIGN_IDENTITY = "iPhone Developer";
				COPY_PHASE_STRIP = NO;
				DEBUG_INFORMATION_FORMAT = "dwarf-with-dsym";
				ENABLE_NS_ASSERTIONS = NO;
				ENABLE_STRICT_OBJC_MSGSEND = YES;
				GCC_C_LANGUAGE_STANDARD = gnu11;
				GCC_NO_COMMON_BLOCKS = YES;
				GCC_WARN_64_TO_32_BIT_CONVERSION = YES;
				GCC_WARN_ABOUT_RETURN_TYPE = YES_ERROR;
				GCC_WARN_UNDECLARED_SELECTOR = YES;
				GCC_WARN_UNINITIALIZED_AUTOS = YES_AGGRESSIVE;
				GCC_WARN_UNUSED_FUNCTION = YES;
				GCC_WARN_UNUSED_VARIABLE = YES;
				IPHONEOS_DEPLOYMENT_TARGET = 12.1;
				MTL_ENABLE_DEBUG_INFO = NO;
				MTL_FAST_MATH = YES;
				SDKROOT = iphoneos;
				SWIFT_COMPILATION_MODE = wholemodule;
				SWIFT_OPTIMIZATION_LEVEL = "-O";
				VALIDATE_PRODUCT = YES;
			};
			name = Release;
		};
		AD375129219DE7F9005A577E /* Debug */ = {
			isa = XCBuildConfiguration;
			buildSettings = {
				ASSETCATALOG_COMPILER_APPICON_NAME = AppIcon;
				CODE_SIGN_STYLE = Automatic;
				INFOPLIST_FILE = Eidetic/Info.plist;
				LD_RUNPATH_SEARCH_PATHS = (
					"$(inherited)",
					"@executable_path/Frameworks",
				);
				PRODUCT_BUNDLE_IDENTIFIER = someBigCompany.Eidetic;
				PRODUCT_NAME = "$(TARGET_NAME)";
				SWIFT_VERSION = 4.2;
				TARGETED_DEVICE_FAMILY = "1,2";
			};
			name = Debug;
		};
		AD37512A219DE7F9005A577E /* Release */ = {
			isa = XCBuildConfiguration;
			buildSettings = {
				ASSETCATALOG_COMPILER_APPICON_NAME = AppIcon;
				CODE_SIGN_STYLE = Automatic;
				INFOPLIST_FILE = Eidetic/Info.plist;
				LD_RUNPATH_SEARCH_PATHS = (
					"$(inherited)",
					"@executable_path/Frameworks",
				);
				PRODUCT_BUNDLE_IDENTIFIER = someBigCompany.Eidetic;
				PRODUCT_NAME = "$(TARGET_NAME)";
				SWIFT_VERSION = 4.2;
				TARGETED_DEVICE_FAMILY = "1,2";
			};
			name = Release;
		};
/* End XCBuildConfiguration section */

/* Begin XCConfigurationList section */
		AD375111219DE7F7005A577E /* Build configuration list for PBXProject "Eidetic" */ = {
			isa = XCConfigurationList;
			buildConfigurations = (
				AD375126219DE7F9005A577E /* Debug */,
				AD375127219DE7F9005A577E /* Release */,
			);
			defaultConfigurationIsVisible = 0;
			defaultConfigurationName = Release;
		};
		AD375128219DE7F9005A577E /* Build configuration list for PBXNativeTarget "Eidetic" */ = {
			isa = XCConfigurationList;
			buildConfigurations = (
				AD375129219DE7F9005A577E /* Debug */,
				AD37512A219DE7F9005A577E /* Release */,
			);
			defaultConfigurationIsVisible = 0;
			defaultConfigurationName = Release;
		};
/* End XCConfigurationList section */
	};
	rootObject = AD37510E219DE7F7005A577E /* Project object */;
}
